
Microsoft Visual Studio Solution File, Format Version 12.00
# Visual Studio Version 17
VisualStudioVersion = 17.7.34024.191
MinimumVisualStudioVersion = 10.0.40219.1
Project("{FAE04EC0-301F-11D3-BF4B-00C04F79EFBC}") = "program", "program.csproj", "{FD359C34-C8DC-412D-8F00-7AD254795D02}"
EndProject
Global
	GlobalSection(SolutionConfigurationPlatforms) = preSolution
		Debug|Any CPU = Debug|Any CPU
		Release|Any CPU = Release|Any CPU
	EndGlobalSection
	GlobalSection(ProjectConfigurationPlatforms) = postSolution
		{FD359C34-C8DC-412D-8F00-7AD254795D02}.Debug|Any CPU.ActiveCfg = Debug|Any CPU
		{FD359C34-C8DC-412D-8F00-7AD254795D02}.Debug|Any CPU.Build.0 = Debug|Any CPU
		{FD359C34-C8DC-412D-8F00-7AD254795D02}.Release|Any CPU.ActiveCfg = Release|Any CPU
		{FD359C34-C8DC-412D-8F00-7AD254795D02}.Release|Any CPU.Build.0 = Release|Any CPU
	EndGlobalSection
	GlobalSection(SolutionProperties) = preSolution
		HideSolutionNode = FALSE
	EndGlobalSection
	GlobalSection(ExtensibilityGlobals) = postSolution
		SolutionGuid = {E66DF2B6-1E98-40D4-9DDF-87F6852D6B10}
	EndGlobalSection
EndGlobal
